
Microsoft Visual Studio Solution File, Format Version 12.00
# Visual Studio Version 17
VisualStudioVersion = 17.0.31903.59
MinimumVisualStudioVersion = 10.0.40219.1
Project("{2150E333-8FDC-42A3-9474-1A3956D46DE8}") = "src", "src", "{827E0CD3-B72D-47B6-A68D-7590B98EB39B}"
EndProject
Project("{FAE04EC0-301F-11D3-BF4B-00C04F79EFBC}") = "Ollama.Domain", "src\Ollama.Domain\Ollama.Domain.csproj", "{7F5B00EC-6F20-4172-A9F3-5CCA8F4537CA}"
EndProject
Project("{FAE04EC0-301F-11D3-BF4B-00C04F79EFBC}") = "Ollama.Application", "src\Ollama.Application\Ollama.Application.csproj", "{985DC498-F195-4A8A-A449-0088BB2D4896}"
EndProject
Project("{FAE04EC0-301F-11D3-BF4B-00C04F79EFBC}") = "Ollama.Infrastructure", "src\Ollama.Infrastructure\Ollama.Infrastructure.csproj", "{73DA17A3-0A94-4294-99EE-A8406C2487AA}"
EndProject
Project("{FAE04EC0-301F-11D3-BF4B-00C04F79EFBC}") = "Ollama.Bootstrap", "src\Ollama.Bootstrap\Ollama.Bootstrap.csproj", "{75A52CF6-FC8D-4F36-A0AF-EC9128174AF3}"
EndProject
Project("{FAE04EC0-301F-11D3-BF4B-00C04F79EFBC}") = "Ollama.Interface.Cli", "src\Ollama.Interface.Cli\Ollama.Interface.Cli.csproj", "{F6A2B3E8-549E-4E77-B0CC-6D90AD38319D}"
EndProject
Project("{2150E333-8FDC-42A3-9474-1A3956D46DE8}") = "tests", "tests", "{0AB3BF05-4346-4AA6-1389-037BE0695223}"
EndProject
Project("{FAE04EC0-301F-11D3-BF4B-00C04F79EFBC}") = "Ollama.Tests.Domain", "tests\Ollama.Tests.Domain\Ollama.Tests.Domain.csproj", "{8AF91228-3DEF-47A6-BAB6-B119C098474C}"
EndProject
Project("{FAE04EC0-301F-11D3-BF4B-00C04F79EFBC}") = "Ollama.Tests.Application", "tests\Ollama.Tests.Application\Ollama.Tests.Application.csproj", "{1CE1C7F4-4193-4B39-A739-965716651343}"
EndProject
Project("{FAE04EC0-301F-11D3-BF4B-00C04F79EFBC}") = "Ollama.Tests.Infrastructure", "tests\Ollama.Tests.Infrastructure\Ollama.Tests.Infrastructure.csproj", "{5A52CF5A-5D07-45F1-A088-86E95E8A0232}"
EndProject
Global
	GlobalSection(SolutionConfigurationPlatforms) = preSolution
		Debug|Any CPU = Debug|Any CPU
		Debug|x64 = Debug|x64
		Debug|x86 = Debug|x86
		Release|Any CPU = Release|Any CPU
		Release|x64 = Release|x64
		Release|x86 = Release|x86
	EndGlobalSection
	GlobalSection(ProjectConfigurationPlatforms) = postSolution
		{7F5B00EC-6F20-4172-A9F3-5CCA8F4537CA}.Debug|Any CPU.ActiveCfg = Debug|Any CPU
		{7F5B00EC-6F20-4172-A9F3-5CCA8F4537CA}.Debug|Any CPU.Build.0 = Debug|Any CPU
		{7F5B00EC-6F20-4172-A9F3-5CCA8F4537CA}.Debug|x64.ActiveCfg = Debug|Any CPU
		{7F5B00EC-6F20-4172-A9F3-5CCA8F4537CA}.Debug|x64.Build.0 = Debug|Any CPU
		{7F5B00EC-6F20-4172-A9F3-5CCA8F4537CA}.Debug|x86.ActiveCfg = Debug|Any CPU
		{7F5B00EC-6F20-4172-A9F3-5CCA8F4537CA}.Debug|x86.Build.0 = Debug|Any CPU
		{7F5B00EC-6F20-4172-A9F3-5CCA8F4537CA}.Release|Any CPU.ActiveCfg = Release|Any CPU
		{7F5B00EC-6F20-4172-A9F3-5CCA8F4537CA}.Release|Any CPU.Build.0 = Release|Any CPU
		{7F5B00EC-6F20-4172-A9F3-5CCA8F4537CA}.Release|x64.ActiveCfg = Release|Any CPU
		{7F5B00EC-6F20-4172-A9F3-5CCA8F4537CA}.Release|x64.Build.0 = Release|Any CPU
		{7F5B00EC-6F20-4172-A9F3-5CCA8F4537CA}.Release|x86.ActiveCfg = Release|Any CPU
		{7F5B00EC-6F20-4172-A9F3-5CCA8F4537CA}.Release|x86.Build.0 = Release|Any CPU
		{985DC498-F195-4A8A-A449-0088BB2D4896}.Debug|Any CPU.ActiveCfg = Debug|Any CPU
		{985DC498-F195-4A8A-A449-0088BB2D4896}.Debug|Any CPU.Build.0 = Debug|Any CPU
		{985DC498-F195-4A8A-A449-0088BB2D4896}.Debug|x64.ActiveCfg = Debug|Any CPU
		{985DC498-F195-4A8A-A449-0088BB2D4896}.Debug|x64.Build.0 = Debug|Any CPU
		{985DC498-F195-4A8A-A449-0088BB2D4896}.Debug|x86.ActiveCfg = Debug|Any CPU
		{985DC498-F195-4A8A-A449-0088BB2D4896}.Debug|x86.Build.0 = Debug|Any CPU
		{985DC498-F195-4A8A-A449-0088BB2D4896}.Release|Any CPU.ActiveCfg = Release|Any CPU
		{985DC498-F195-4A8A-A449-0088BB2D4896}.Release|Any CPU.Build.0 = Release|Any CPU
		{985DC498-F195-4A8A-A449-0088BB2D4896}.Release|x64.ActiveCfg = Release|Any CPU
		{985DC498-F195-4A8A-A449-0088BB2D4896}.Release|x64.Build.0 = Release|Any CPU
		{985DC498-F195-4A8A-A449-0088BB2D4896}.Release|x86.ActiveCfg = Release|Any CPU
		{985DC498-F195-4A8A-A449-0088BB2D4896}.Release|x86.Build.0 = Release|Any CPU
		{73DA17A3-0A94-4294-99EE-A8406C2487AA}.Debug|Any CPU.ActiveCfg = Debug|Any CPU
		{73DA17A3-0A94-4294-99EE-A8406C2487AA}.Debug|Any CPU.Build.0 = Debug|Any CPU
		{73DA17A3-0A94-4294-99EE-A8406C2487AA}.Debug|x64.ActiveCfg = Debug|Any CPU
		{73DA17A3-0A94-4294-99EE-A8406C2487AA}.Debug|x64.Build.0 = Debug|Any CPU
		{73DA17A3-0A94-4294-99EE-A8406C2487AA}.Debug|x86.ActiveCfg = Debug|Any CPU
		{73DA17A3-0A94-4294-99EE-A8406C2487AA}.Debug|x86.Build.0 = Debug|Any CPU
		{73DA17A3-0A94-4294-99EE-A8406C2487AA}.Release|Any CPU.ActiveCfg = Release|Any CPU
		{73DA17A3-0A94-4294-99EE-A8406C2487AA}.Release|Any CPU.Build.0 = Release|Any CPU
		{73DA17A3-0A94-4294-99EE-A8406C2487AA}.Release|x64.ActiveCfg = Release|Any CPU
		{73DA17A3-0A94-4294-99EE-A8406C2487AA}.Release|x64.Build.0 = Release|Any CPU
		{73DA17A3-0A94-4294-99EE-A8406C2487AA}.Release|x86.ActiveCfg = Release|Any CPU
		{73DA17A3-0A94-4294-99EE-A8406C2487AA}.Release|x86.Build.0 = Release|Any CPU
		{75A52CF6-FC8D-4F36-A0AF-EC9128174AF3}.Debug|Any CPU.ActiveCfg = Debug|Any CPU
		{75A52CF6-FC8D-4F36-A0AF-EC9128174AF3}.Debug|Any CPU.Build.0 = Debug|Any CPU
		{75A52CF6-FC8D-4F36-A0AF-EC9128174AF3}.Debug|x64.ActiveCfg = Debug|Any CPU
		{75A52CF6-FC8D-4F36-A0AF-EC9128174AF3}.Debug|x64.Build.0 = Debug|Any CPU
		{75A52CF6-FC8D-4F36-A0AF-EC9128174AF3}.Debug|x86.ActiveCfg = Debug|Any CPU
		{75A52CF6-FC8D-4F36-A0AF-EC9128174AF3}.Debug|x86.Build.0 = Debug|Any CPU
		{75A52CF6-FC8D-4F36-A0AF-EC9128174AF3}.Release|Any CPU.ActiveCfg = Release|Any CPU
		{75A52CF6-FC8D-4F36-A0AF-EC9128174AF3}.Release|Any CPU.Build.0 = Release|Any CPU
		{75A52CF6-FC8D-4F36-A0AF-EC9128174AF3}.Release|x64.ActiveCfg = Release|Any CPU
		{75A52CF6-FC8D-4F36-A0AF-EC9128174AF3}.Release|x64.Build.0 = Release|Any CPU
		{75A52CF6-FC8D-4F36-A0AF-EC9128174AF3}.Release|x86.ActiveCfg = Release|Any CPU
		{75A52CF6-FC8D-4F36-A0AF-EC9128174AF3}.Release|x86.Build.0 = Release|Any CPU
		{F6A2B3E8-549E-4E77-B0CC-6D90AD38319D}.Debug|Any CPU.ActiveCfg = Debug|Any CPU
		{F6A2B3E8-549E-4E77-B0CC-6D90AD38319D}.Debug|Any CPU.Build.0 = Debug|Any CPU
		{F6A2B3E8-549E-4E77-B0CC-6D90AD38319D}.Debug|x64.ActiveCfg = Debug|Any CPU
		{F6A2B3E8-549E-4E77-B0CC-6D90AD38319D}.Debug|x64.Build.0 = Debug|Any CPU
		{F6A2B3E8-549E-4E77-B0CC-6D90AD38319D}.Debug|x86.ActiveCfg = Debug|Any CPU
		{F6A2B3E8-549E-4E77-B0CC-6D90AD38319D}.Debug|x86.Build.0 = Debug|Any CPU
		{F6A2B3E8-549E-4E77-B0CC-6D90AD38319D}.Release|Any CPU.ActiveCfg = Release|Any CPU
		{F6A2B3E8-549E-4E77-B0CC-6D90AD38319D}.Release|Any CPU.Build.0 = Release|Any CPU
		{F6A2B3E8-549E-4E77-B0CC-6D90AD38319D}.Release|x64.ActiveCfg = Release|Any CPU
		{F6A2B3E8-549E-4E77-B0CC-6D90AD38319D}.Release|x64.Build.0 = Release|Any CPU
		{F6A2B3E8-549E-4E77-B0CC-6D90AD38319D}.Release|x86.ActiveCfg = Release|Any CPU
		{F6A2B3E8-549E-4E77-B0CC-6D90AD38319D}.Release|x86.Build.0 = Release|Any CPU
		{8AF91228-3DEF-47A6-BAB6-B119C098474C}.Debug|Any CPU.ActiveCfg = Debug|Any CPU
		{8AF91228-3DEF-47A6-BAB6-B119C098474C}.Debug|Any CPU.Build.0 = Debug|Any CPU
		{8AF91228-3DEF-47A6-BAB6-B119C098474C}.Debug|x64.ActiveCfg = Debug|Any CPU
		{8AF91228-3DEF-47A6-BAB6-B119C098474C}.Debug|x64.Build.0 = Debug|Any CPU
		{8AF91228-3DEF-47A6-BAB6-B119C098474C}.Debug|x86.ActiveCfg = Debug|Any CPU
		{8AF91228-3DEF-47A6-BAB6-B119C098474C}.Debug|x86.Build.0 = Debug|Any CPU
		{8AF91228-3DEF-47A6-BAB6-B119C098474C}.Release|Any CPU.ActiveCfg = Release|Any CPU
		{8AF91228-3DEF-47A6-BAB6-B119C098474C}.Release|Any CPU.Build.0 = Release|Any CPU
		{8AF91228-3DEF-47A6-BAB6-B119C098474C}.Release|x64.ActiveCfg = Release|Any CPU
		{8AF91228-3DEF-47A6-BAB6-B119C098474C}.Release|x64.Build.0 = Release|Any CPU
		{8AF91228-3DEF-47A6-BAB6-B119C098474C}.Release|x86.ActiveCfg = Release|Any CPU
		{8AF91228-3DEF-47A6-BAB6-B119C098474C}.Release|x86.Build.0 = Release|Any CPU
		{1CE1C7F4-4193-4B39-A739-965716651343}.Debug|Any CPU.ActiveCfg = Debug|Any CPU
		{1CE1C7F4-4193-4B39-A739-965716651343}.Debug|Any CPU.Build.0 = Debug|Any CPU
		{1CE1C7F4-4193-4B39-A739-965716651343}.Debug|x64.ActiveCfg = Debug|Any CPU
		{1CE1C7F4-4193-4B39-A739-965716651343}.Debug|x64.Build.0 = Debug|Any CPU
		{1CE1C7F4-4193-4B39-A739-965716651343}.Debug|x86.ActiveCfg = Debug|Any CPU
		{1CE1C7F4-4193-4B39-A739-965716651343}.Debug|x86.Build.0 = Debug|Any CPU
		{1CE1C7F4-4193-4B39-A739-965716651343}.Release|Any CPU.ActiveCfg = Release|Any CPU
		{1CE1C7F4-4193-4B39-A739-965716651343}.Release|Any CPU.Build.0 = Release|Any CPU
		{1CE1C7F4-4193-4B39-A739-965716651343}.Release|x64.ActiveCfg = Release|Any CPU
		{1CE1C7F4-4193-4B39-A739-965716651343}.Release|x64.Build.0 = Release|Any CPU
		{1CE1C7F4-4193-4B39-A739-965716651343}.Release|x86.ActiveCfg = Release|Any CPU
		{1CE1C7F4-4193-4B39-A739-965716651343}.Release|x86.Build.0 = Release|Any CPU
		{5A52CF5A-5D07-45F1-A088-86E95E8A0232}.Debug|Any CPU.ActiveCfg = Debug|Any CPU
		{5A52CF5A-5D07-45F1-A088-86E95E8A0232}.Debug|Any CPU.Build.0 = Debug|Any CPU
		{5A52CF5A-5D07-45F1-A088-86E95E8A0232}.Debug|x64.ActiveCfg = Debug|Any CPU
		{5A52CF5A-5D07-45F1-A088-86E95E8A0232}.Debug|x64.Build.0 = Debug|Any CPU
		{5A52CF5A-5D07-45F1-A088-86E95E8A0232}.Debug|x86.ActiveCfg = Debug|Any CPU
		{5A52CF5A-5D07-45F1-A088-86E95E8A0232}.Debug|x86.Build.0 = Debug|Any CPU
		{5A52CF5A-5D07-45F1-A088-86E95E8A0232}.Release|Any CPU.ActiveCfg = Release|Any CPU
		{5A52CF5A-5D07-45F1-A088-86E95E8A0232}.Release|Any CPU.Build.0 = Release|Any CPU
		{5A52CF5A-5D07-45F1-A088-86E95E8A0232}.Release|x64.ActiveCfg = Release|Any CPU
		{5A52CF5A-5D07-45F1-A088-86E95E8A0232}.Release|x64.Build.0 = Release|Any CPU
		{5A52CF5A-5D07-45F1-A088-86E95E8A0232}.Release|x86.ActiveCfg = Release|Any CPU
		{5A52CF5A-5D07-45F1-A088-86E95E8A0232}.Release|x86.Build.0 = Release|Any CPU
	EndGlobalSection
	GlobalSection(SolutionProperties) = preSolution
		HideSolutionNode = FALSE
	EndGlobalSection
	GlobalSection(NestedProjects) = preSolution
		{7F5B00EC-6F20-4172-A9F3-5CCA8F4537CA} = {827E0CD3-B72D-47B6-A68D-7590B98EB39B}
		{985DC498-F195-4A8A-A449-0088BB2D4896} = {827E0CD3-B72D-47B6-A68D-7590B98EB39B}
		{73DA17A3-0A94-4294-99EE-A8406C2487AA} = {827E0CD3-B72D-47B6-A68D-7590B98EB39B}
		{75A52CF6-FC8D-4F36-A0AF-EC9128174AF3} = {827E0CD3-B72D-47B6-A68D-7590B98EB39B}
		{F6A2B3E8-549E-4E77-B0CC-6D90AD38319D} = {827E0CD3-B72D-47B6-A68D-7590B98EB39B}
		{8AF91228-3DEF-47A6-BAB6-B119C098474C} = {0AB3BF05-4346-4AA6-1389-037BE0695223}
		{1CE1C7F4-4193-4B39-A739-965716651343} = {0AB3BF05-4346-4AA6-1389-037BE0695223}
		{5A52CF5A-5D07-45F1-A088-86E95E8A0232} = {0AB3BF05-4346-4AA6-1389-037BE0695223}
	EndGlobalSection
EndGlobal
